
Microsoft Visual Studio Solution File, Format Version 12.00
# Visual Studio Version 17
VisualStudioVersion = 17.2.32616.157
MinimumVisualStudioVersion = 10.0.40219.1
Project("{FAE04EC0-301F-11D3-BF4B-00C04F79EFBC}") = "GameCenter", "GameCenter\GameCenter.csproj", "{5096FBC5-DBE9-4B4E-A0A7-0D7DE6E5C8C7}"
EndProject
Global
	GlobalSection(SolutionConfigurationPlatforms) = preSolution
		Debug|Any CPU = Debug|Any CPU
		Release|Any CPU = Release|Any CPU
	EndGlobalSection
	GlobalSection(ProjectConfigurationPlatforms) = postSolution
		{5096FBC5-DBE9-4B4E-A0A7-0D7DE6E5C8C7}.Debug|Any CPU.ActiveCfg = Debug|Any CPU
		{5096FBC5-DBE9-4B4E-A0A7-0D7DE6E5C8C7}.Debug|Any CPU.Build.0 = Debug|Any CPU
		{5096FBC5-DBE9-4B4E-A0A7-0D7DE6E5C8C7}.Release|Any CPU.ActiveCfg = Release|Any CPU
		{5096FBC5-DBE9-4B4E-A0A7-0D7DE6E5C8C7}.Release|Any CPU.Build.0 = Release|Any CPU
	EndGlobalSection
	GlobalSection(SolutionProperties) = preSolution
		HideSolutionNode = FALSE
	EndGlobalSection
	GlobalSection(ExtensibilityGlobals) = postSolution
		SolutionGuid = {E9C70470-FAE5-4B24-9C4A-38289596575D}
	EndGlobalSection
EndGlobal
